
Microsoft Visual Studio Solution File, Format Version 12.00
# Visual Studio 15
VisualStudioVersion = 15.0.26403.7
MinimumVisualStudioVersion = 10.0.40219.1
Project("{2150E333-8FDC-42A3-9474-1A3956D46DE8}") = ".nuget", ".nuget", "{C9F85A99-CD6D-499D-B208-322BED2FD320}"
	ProjectSection(SolutionItems) = preProject
		nuget.config = nuget.config
		.nuget\NuGet.Config = .nuget\NuGet.Config
		.nuget\NuGet.exe = .nuget\NuGet.exe
		.nuget\NuGet.targets = .nuget\NuGet.targets
	EndProjectSection
EndProject
Project("{FAE04EC0-301F-11D3-BF4B-00C04F79EFBC}") = "TypeCast", "TypeCast\TypeCast.csproj", "{CD8CBBC5-9EBF-4B90-8A4E-7C8CD2789793}"
EndProject
Global
	GlobalSection(SolutionConfigurationPlatforms) = preSolution
		Debug|Any CPU = Debug|Any CPU
		Release|Any CPU = Release|Any CPU
		TestSet1|Any CPU = TestSet1|Any CPU
		TestSet2|Any CPU = TestSet2|Any CPU
		TestSet3|Any CPU = TestSet3|Any CPU
		TestSet4|Any CPU = TestSet4|Any CPU
	EndGlobalSection
	GlobalSection(ProjectConfigurationPlatforms) = postSolution
		{CD8CBBC5-9EBF-4B90-8A4E-7C8CD2789793}.Debug|Any CPU.ActiveCfg = Debug|Any CPU
		{CD8CBBC5-9EBF-4B90-8A4E-7C8CD2789793}.Debug|Any CPU.Build.0 = Debug|Any CPU
		{CD8CBBC5-9EBF-4B90-8A4E-7C8CD2789793}.Release|Any CPU.ActiveCfg = Release|Any CPU
		{CD8CBBC5-9EBF-4B90-8A4E-7C8CD2789793}.Release|Any CPU.Build.0 = Release|Any CPU
		{CD8CBBC5-9EBF-4B90-8A4E-7C8CD2789793}.TestSet1|Any CPU.ActiveCfg = TestSet1|Any CPU
		{CD8CBBC5-9EBF-4B90-8A4E-7C8CD2789793}.TestSet1|Any CPU.Build.0 = TestSet1|Any CPU
		{CD8CBBC5-9EBF-4B90-8A4E-7C8CD2789793}.TestSet2|Any CPU.ActiveCfg = TestSet2|Any CPU
		{CD8CBBC5-9EBF-4B90-8A4E-7C8CD2789793}.TestSet2|Any CPU.Build.0 = TestSet2|Any CPU
		{CD8CBBC5-9EBF-4B90-8A4E-7C8CD2789793}.TestSet3|Any CPU.ActiveCfg = TestSet3|Any CPU
		{CD8CBBC5-9EBF-4B90-8A4E-7C8CD2789793}.TestSet3|Any CPU.Build.0 = TestSet3|Any CPU
		{CD8CBBC5-9EBF-4B90-8A4E-7C8CD2789793}.TestSet4|Any CPU.ActiveCfg = TestSet4|Any CPU
		{CD8CBBC5-9EBF-4B90-8A4E-7C8CD2789793}.TestSet4|Any CPU.Build.0 = TestSet4|Any CPU
	EndGlobalSection
	GlobalSection(SolutionProperties) = preSolution
		HideSolutionNode = FALSE
	EndGlobalSection
EndGlobal
